
Microsoft Visual Studio Solution File, Format Version 11.00
# Visual Studio 2010
Project("{FAE04EC0-301F-11D3-BF4B-00C04F79EFBC}") = "finger animation test", "Assembly-CSharp.csproj", "{95BE05EE-0703-DC99-6988-46FA825739E4}"
EndProject
Project("{FAE04EC0-301F-11D3-BF4B-00C04F79EFBC}") = "finger animation test", "Assembly-CSharp-firstpass.csproj", "{78C0DC9E-6686-6DD1-1A54-E83419E9999B}"
EndProject
Project("{FAE04EC0-301F-11D3-BF4B-00C04F79EFBC}") = "finger animation test", "Assembly-CSharp-Editor-firstpass.csproj", "{D8CA29C6-0E2D-7AD2-F56D-173A1AE36BAC}"
EndProject
Global
	GlobalSection(SolutionConfigurationPlatforms) = preSolution
		Debug|Any CPU = Debug|Any CPU
		Release|Any CPU = Release|Any CPU
	EndGlobalSection
	GlobalSection(ProjectConfigurationPlatforms) = postSolution
		{95BE05EE-0703-DC99-6988-46FA825739E4}.Debug|Any CPU.ActiveCfg = Debug|Any CPU
		{95BE05EE-0703-DC99-6988-46FA825739E4}.Debug|Any CPU.Build.0 = Debug|Any CPU
		{95BE05EE-0703-DC99-6988-46FA825739E4}.Release|Any CPU.ActiveCfg = Release|Any CPU
		{95BE05EE-0703-DC99-6988-46FA825739E4}.Release|Any CPU.Build.0 = Release|Any CPU
		{78C0DC9E-6686-6DD1-1A54-E83419E9999B}.Debug|Any CPU.ActiveCfg = Debug|Any CPU
		{78C0DC9E-6686-6DD1-1A54-E83419E9999B}.Debug|Any CPU.Build.0 = Debug|Any CPU
		{78C0DC9E-6686-6DD1-1A54-E83419E9999B}.Release|Any CPU.ActiveCfg = Release|Any CPU
		{78C0DC9E-6686-6DD1-1A54-E83419E9999B}.Release|Any CPU.Build.0 = Release|Any CPU
		{D8CA29C6-0E2D-7AD2-F56D-173A1AE36BAC}.Debug|Any CPU.ActiveCfg = Debug|Any CPU
		{D8CA29C6-0E2D-7AD2-F56D-173A1AE36BAC}.Debug|Any CPU.Build.0 = Debug|Any CPU
		{D8CA29C6-0E2D-7AD2-F56D-173A1AE36BAC}.Release|Any CPU.ActiveCfg = Release|Any CPU
		{D8CA29C6-0E2D-7AD2-F56D-173A1AE36BAC}.Release|Any CPU.Build.0 = Release|Any CPU
	EndGlobalSection
	GlobalSection(SolutionProperties) = preSolution
		HideSolutionNode = FALSE
	EndGlobalSection
	GlobalSection(MonoDevelopProperties) = preSolution
		StartupItem = Assembly-CSharp.csproj
	EndGlobalSection
EndGlobal
